
Microsoft Visual Studio Solution File, Format Version 12.00
# Visual Studio 2013
VisualStudioVersion = 12.0.21005.1
MinimumVisualStudioVersion = 10.0.40219.1
Project("{8BC9CEB8-8B4A-11D0-8D11-00A0C91BC942}") = "t3", "t3\t3.vcxproj", "{043E9AB3-57B1-4CD6-901C-4F2D9C642CAD}"
EndProject
Global
	GlobalSection(SolutionConfigurationPlatforms) = preSolution
		Debug|Win32 = Debug|Win32
		Release|Win32 = Release|Win32
	EndGlobalSection
	GlobalSection(ProjectConfigurationPlatforms) = postSolution
		{043E9AB3-57B1-4CD6-901C-4F2D9C642CAD}.Debug|Win32.ActiveCfg = Debug|Win32
		{043E9AB3-57B1-4CD6-901C-4F2D9C642CAD}.Debug|Win32.Build.0 = Debug|Win32
		{043E9AB3-57B1-4CD6-901C-4F2D9C642CAD}.Release|Win32.ActiveCfg = Release|Win32
		{043E9AB3-57B1-4CD6-901C-4F2D9C642CAD}.Release|Win32.Build.0 = Release|Win32
	EndGlobalSection
	GlobalSection(SolutionProperties) = preSolution
		HideSolutionNode = FALSE
	EndGlobalSection
EndGlobal
